// !$*UTF8*$!
{
	archiveVersion = 1;
	classes = {
	};
	objectVersion = 50;
	objects = {

/* Begin PBXBuildFile section */
		9506409C2624924B00A31D09 /* AppDelegate.swift in Sources */ = {isa = PBXBuildFile; fileRef = 9506409B2624924B00A31D09 /* AppDelegate.swift */; };
		950640A52624924B00A31D09 /* Assets.xcassets in Resources */ = {isa = PBXBuildFile; fileRef = 950640A42624924B00A31D09 /* Assets.xcassets */; };
		950640A82624924B00A31D09 /* LaunchScreen.storyboard in Resources */ = {isa = PBXBuildFile; fileRef = 950640A62624924B00A31D09 /* LaunchScreen.storyboard */; };
		950640BF2624935500A31D09 /* AppCoordinator.swift in Sources */ = {isa = PBXBuildFile; fileRef = 950640BE2624935500A31D09 /* AppCoordinator.swift */; };
		950640C32624938600A31D09 /* User.swift in Sources */ = {isa = PBXBuildFile; fileRef = 950640C22624938600A31D09 /* User.swift */; };
		950640CB262493CD00A31D09 /* ConfirmProfileViewController.swift in Sources */ = {isa = PBXBuildFile; fileRef = 950640CA262493CD00A31D09 /* ConfirmProfileViewController.swift */; };
		950640D12624943700A31D09 /* ConfirmProfileViewController.xib in Resources */ = {isa = PBXBuildFile; fileRef = 950640D02624943700A31D09 /* ConfirmProfileViewController.xib */; };
		950640D52624947100A31D09 /* CreateProfileViewModel.swift in Sources */ = {isa = PBXBuildFile; fileRef = 950640D42624947100A31D09 /* CreateProfileViewModel.swift */; };
		950640D82624947900A31D09 /* ConfirmProfileViewModel.swift in Sources */ = {isa = PBXBuildFile; fileRef = 950640D72624947900A31D09 /* ConfirmProfileViewModel.swift */; };
		950640DD26249A1900A31D09 /* CreateProfileViewController.swift in Sources */ = {isa = PBXBuildFile; fileRef = 950640DB26249A1900A31D09 /* CreateProfileViewController.swift */; };
		950640DE26249A1900A31D09 /* CreateProfileViewController.xib in Resources */ = {isa = PBXBuildFile; fileRef = 950640DC26249A1900A31D09 /* CreateProfileViewController.xib */; };
		950640E226249BEC00A31D09 /* Error.swift in Sources */ = {isa = PBXBuildFile; fileRef = 950640E126249BEC00A31D09 /* Error.swift */; };
		950640E526249C0D00A31D09 /* UIApplication+Extensions.swift in Sources */ = {isa = PBXBuildFile; fileRef = 950640E426249C0D00A31D09 /* UIApplication+Extensions.swift */; };
		950640ED26249CA800A31D09 /* TextEntryCell.xib in Resources */ = {isa = PBXBuildFile; fileRef = 950640E926249CA800A31D09 /* TextEntryCell.xib */; };
		950640EE26249CA800A31D09 /* TextEntryCell.swift in Sources */ = {isa = PBXBuildFile; fileRef = 950640EA26249CA800A31D09 /* TextEntryCell.swift */; };
		950640EF26249CA800A31D09 /* HeaderView.xib in Resources */ = {isa = PBXBuildFile; fileRef = 950640EB26249CA800A31D09 /* HeaderView.xib */; };
		950640F026249CA800A31D09 /* HeaderView.swift in Sources */ = {isa = PBXBuildFile; fileRef = 950640EC26249CA800A31D09 /* HeaderView.swift */; };
		950640F426249CD600A31D09 /* CustomButton.xib in Resources */ = {isa = PBXBuildFile; fileRef = 950640F226249CD600A31D09 /* CustomButton.xib */; };
		950640F526249CD600A31D09 /* CustomButton.swift in Sources */ = {isa = PBXBuildFile; fileRef = 950640F326249CD600A31D09 /* CustomButton.swift */; };
		950640F826249CEB00A31D09 /* UIView+Extensions.swift in Sources */ = {isa = PBXBuildFile; fileRef = 950640F726249CEB00A31D09 /* UIView+Extensions.swift */; };
		950640FB26249D0700A31D09 /* UITextField+Extensions.swift in Sources */ = {isa = PBXBuildFile; fileRef = 950640FA26249D0700A31D09 /* UITextField+Extensions.swift */; };
/* End PBXBuildFile section */

/* Begin PBXFileReference section */
		950640982624924B00A31D09 /* SignMeUp.app */ = {isa = PBXFileReference; explicitFileType = wrapper.application; includeInIndex = 0; path = SignMeUp.app; sourceTree = BUILT_PRODUCTS_DIR; };
		9506409B2624924B00A31D09 /* AppDelegate.swift */ = {isa = PBXFileReference; lastKnownFileType = sourcecode.swift; path = AppDelegate.swift; sourceTree = "<group>"; };
		950640A42624924B00A31D09 /* Assets.xcassets */ = {isa = PBXFileReference; lastKnownFileType = folder.assetcatalog; path = Assets.xcassets; sourceTree = "<group>"; };
		950640A72624924B00A31D09 /* Base */ = {isa = PBXFileReference; lastKnownFileType = file.storyboard; name = Base; path = Base.lproj/LaunchScreen.storyboard; sourceTree = "<group>"; };
		950640A92624924B00A31D09 /* Info.plist */ = {isa = PBXFileReference; lastKnownFileType = text.plist.xml; path = Info.plist; sourceTree = "<group>"; };
		950640BE2624935500A31D09 /* AppCoordinator.swift */ = {isa = PBXFileReference; lastKnownFileType = sourcecode.swift; path = AppCoordinator.swift; sourceTree = "<group>"; };
		950640C22624938600A31D09 /* User.swift */ = {isa = PBXFileReference; lastKnownFileType = sourcecode.swift; path = User.swift; sourceTree = "<group>"; };
		950640CA262493CD00A31D09 /* ConfirmProfileViewController.swift */ = {isa = PBXFileReference; lastKnownFileType = sourcecode.swift; path = ConfirmProfileViewController.swift; sourceTree = "<group>"; };
		950640D02624943700A31D09 /* ConfirmProfileViewController.xib */ = {isa = PBXFileReference; lastKnownFileType = file.xib; path = ConfirmProfileViewController.xib; sourceTree = "<group>"; };
		950640D42624947100A31D09 /* CreateProfileViewModel.swift */ = {isa = PBXFileReference; lastKnownFileType = sourcecode.swift; path = CreateProfileViewModel.swift; sourceTree = "<group>"; };
		950640D72624947900A31D09 /* ConfirmProfileViewModel.swift */ = {isa = PBXFileReference; lastKnownFileType = sourcecode.swift; path = ConfirmProfileViewModel.swift; sourceTree = "<group>"; };
		950640DB26249A1900A31D09 /* CreateProfileViewController.swift */ = {isa = PBXFileReference; fileEncoding = 4; lastKnownFileType = sourcecode.swift; path = CreateProfileViewController.swift; sourceTree = "<group>"; };
		950640DC26249A1900A31D09 /* CreateProfileViewController.xib */ = {isa = PBXFileReference; fileEncoding = 4; lastKnownFileType = file.xib; path = CreateProfileViewController.xib; sourceTree = "<group>"; };
		950640E126249BEC00A31D09 /* Error.swift */ = {isa = PBXFileReference; lastKnownFileType = sourcecode.swift; path = Error.swift; sourceTree = "<group>"; };
		950640E426249C0D00A31D09 /* UIApplication+Extensions.swift */ = {isa = PBXFileReference; lastKnownFileType = sourcecode.swift; path = "UIApplication+Extensions.swift"; sourceTree = "<group>"; };
		950640E926249CA800A31D09 /* TextEntryCell.xib */ = {isa = PBXFileReference; fileEncoding = 4; lastKnownFileType = file.xib; path = TextEntryCell.xib; sourceTree = "<group>"; };
		950640EA26249CA800A31D09 /* TextEntryCell.swift */ = {isa = PBXFileReference; fileEncoding = 4; lastKnownFileType = sourcecode.swift; path = TextEntryCell.swift; sourceTree = "<group>"; };
		950640EB26249CA800A31D09 /* HeaderView.xib */ = {isa = PBXFileReference; fileEncoding = 4; lastKnownFileType = file.xib; path = HeaderView.xib; sourceTree = "<group>"; };
		950640EC26249CA800A31D09 /* HeaderView.swift */ = {isa = PBXFileReference; fileEncoding = 4; lastKnownFileType = sourcecode.swift; path = HeaderView.swift; sourceTree = "<group>"; };
		950640F226249CD600A31D09 /* CustomButton.xib */ = {isa = PBXFileReference; fileEncoding = 4; lastKnownFileType = file.xib; path = CustomButton.xib; sourceTree = "<group>"; };
		950640F326249CD600A31D09 /* CustomButton.swift */ = {isa = PBXFileReference; fileEncoding = 4; lastKnownFileType = sourcecode.swift; path = CustomButton.swift; sourceTree = "<group>"; };
		950640F726249CEB00A31D09 /* UIView+Extensions.swift */ = {isa = PBXFileReference; lastKnownFileType = sourcecode.swift; path = "UIView+Extensions.swift"; sourceTree = "<group>"; };
		950640FA26249D0700A31D09 /* UITextField+Extensions.swift */ = {isa = PBXFileReference; lastKnownFileType = sourcecode.swift; path = "UITextField+Extensions.swift"; sourceTree = "<group>"; };
/* End PBXFileReference section */

/* Begin PBXFrameworksBuildPhase section */
		950640952624924B00A31D09 /* Frameworks */ = {
			isa = PBXFrameworksBuildPhase;
			buildActionMask = 2147483647;
			files = (
			);
			runOnlyForDeploymentPostprocessing = 0;
		};
/* End PBXFrameworksBuildPhase section */

/* Begin PBXGroup section */
		9506408F2624924B00A31D09 = {
			isa = PBXGroup;
			children = (
				9506409A2624924B00A31D09 /* SignMeUp */,
				950640992624924B00A31D09 /* Products */,
			);
			sourceTree = "<group>";
		};
		950640992624924B00A31D09 /* Products */ = {
			isa = PBXGroup;
			children = (
				950640982624924B00A31D09 /* SignMeUp.app */,
			);
			name = Products;
			sourceTree = "<group>";
		};
		9506409A2624924B00A31D09 /* SignMeUp */ = {
			isa = PBXGroup;
			children = (
				950640B4262492EF00A31D09 /* Extensions */,
				950640B5262492F300A31D09 /* Model */,
				950640B7262492FA00A31D09 /* Resources */,
				950640B6262492F600A31D09 /* View */,
				950640B8262492FE00A31D09 /* ViewModel */,
			);
			path = SignMeUp;
			sourceTree = "<group>";
		};
		950640B4262492EF00A31D09 /* Extensions */ = {
			isa = PBXGroup;
			children = (
				950640E426249C0D00A31D09 /* UIApplication+Extensions.swift */,
				950640F726249CEB00A31D09 /* UIView+Extensions.swift */,
				950640FA26249D0700A31D09 /* UITextField+Extensions.swift */,
			);
			path = Extensions;
			sourceTree = "<group>";
		};
		950640B5262492F300A31D09 /* Model */ = {
			isa = PBXGroup;
			children = (
				950640BD2624934C00A31D09 /* Coordinator */,
				950640E026249BE100A31D09 /* Error */,
				950640C12624937D00A31D09 /* SignUp */,
			);
			path = Model;
			sourceTree = "<group>";
		};
		950640B6262492F600A31D09 /* View */ = {
			isa = PBXGroup;
			children = (
				950640C5262493AB00A31D09 /* SignUp */,
			);
			path = View;
			sourceTree = "<group>";
		};
		950640B7262492FA00A31D09 /* Resources */ = {
			isa = PBXGroup;
			children = (
				950640B92624931D00A31D09 /* Supporting Files */,
			);
			path = Resources;
			sourceTree = "<group>";
		};
		950640B8262492FE00A31D09 /* ViewModel */ = {
			isa = PBXGroup;
			children = (
				950640D32624946500A31D09 /* SignUp */,
			);
			path = ViewModel;
			sourceTree = "<group>";
		};
		950640B92624931D00A31D09 /* Supporting Files */ = {
			isa = PBXGroup;
			children = (
				950640A62624924B00A31D09 /* LaunchScreen.storyboard */,
				950640A92624924B00A31D09 /* Info.plist */,
				950640A42624924B00A31D09 /* Assets.xcassets */,
				9506409B2624924B00A31D09 /* AppDelegate.swift */,
			);
			path = "Supporting Files";
			sourceTree = "<group>";
		};
		950640BD2624934C00A31D09 /* Coordinator */ = {
			isa = PBXGroup;
			children = (
				950640BE2624935500A31D09 /* AppCoordinator.swift */,
			);
			path = Coordinator;
			sourceTree = "<group>";
		};
		950640C12624937D00A31D09 /* SignUp */ = {
			isa = PBXGroup;
			children = (
				950640C22624938600A31D09 /* User.swift */,
			);
			path = SignUp;
			sourceTree = "<group>";
		};
		950640C5262493AB00A31D09 /* SignUp */ = {
			isa = PBXGroup;
			children = (
				950640C6262493B000A31D09 /* ViewController */,
			);
			path = SignUp;
			sourceTree = "<group>";
		};
		950640C6262493B000A31D09 /* ViewController */ = {
			isa = PBXGroup;
			children = (
				950640E726249C5D00A31D09 /* TableView */,
				950640CA262493CD00A31D09 /* ConfirmProfileViewController.swift */,
				950640D02624943700A31D09 /* ConfirmProfileViewController.xib */,
				950640DB26249A1900A31D09 /* CreateProfileViewController.swift */,
				950640DC26249A1900A31D09 /* CreateProfileViewController.xib */,
			);
			path = ViewController;
			sourceTree = "<group>";
		};
		950640D32624946500A31D09 /* SignUp */ = {
			isa = PBXGroup;
			children = (
				950640D42624947100A31D09 /* CreateProfileViewModel.swift */,
				950640D72624947900A31D09 /* ConfirmProfileViewModel.swift */,
			);
			path = SignUp;
			sourceTree = "<group>";
		};
		950640E026249BE100A31D09 /* Error */ = {
			isa = PBXGroup;
			children = (
				950640E126249BEC00A31D09 /* Error.swift */,
			);
			path = Error;
			sourceTree = "<group>";
		};
		950640E726249C5D00A31D09 /* TableView */ = {
			isa = PBXGroup;
			children = (
				950640F326249CD600A31D09 /* CustomButton.swift */,
				950640F226249CD600A31D09 /* CustomButton.xib */,
				950640EC26249CA800A31D09 /* HeaderView.swift */,
				950640EB26249CA800A31D09 /* HeaderView.xib */,
				950640EA26249CA800A31D09 /* TextEntryCell.swift */,
				950640E926249CA800A31D09 /* TextEntryCell.xib */,
			);
			path = TableView;
			sourceTree = "<group>";
		};
/* End PBXGroup section */

/* Begin PBXNativeTarget section */
		950640972624924B00A31D09 /* SignMeUp */ = {
			isa = PBXNativeTarget;
			buildConfigurationList = 950640AC2624924B00A31D09 /* Build configuration list for PBXNativeTarget "SignMeUp" */;
			buildPhases = (
				950640942624924B00A31D09 /* Sources */,
				950640952624924B00A31D09 /* Frameworks */,
				950640962624924B00A31D09 /* Resources */,
			);
			buildRules = (
			);
			dependencies = (
			);
			name = SignMeUp;
			productName = SignMeUp;
			productReference = 950640982624924B00A31D09 /* SignMeUp.app */;
			productType = "com.apple.product-type.application";
		};
/* End PBXNativeTarget section */

/* Begin PBXProject section */
		950640902624924B00A31D09 /* Project object */ = {
			isa = PBXProject;
			attributes = {
				LastSwiftUpdateCheck = 1240;
				LastUpgradeCheck = 1240;
				TargetAttributes = {
					950640972624924B00A31D09 = {
						CreatedOnToolsVersion = 12.4;
					};
				};
			};
			buildConfigurationList = 950640932624924B00A31D09 /* Build configuration list for PBXProject "SignMeUp" */;
			compatibilityVersion = "Xcode 9.3";
			developmentRegion = en;
			hasScannedForEncodings = 0;
			knownRegions = (
				en,
				Base,
			);
			mainGroup = 9506408F2624924B00A31D09;
			productRefGroup = 950640992624924B00A31D09 /* Products */;
			projectDirPath = "";
			projectRoot = "";
			targets = (
				950640972624924B00A31D09 /* SignMeUp */,
			);
		};
/* End PBXProject section */

/* Begin PBXResourcesBuildPhase section */
		950640962624924B00A31D09 /* Resources */ = {
			isa = PBXResourcesBuildPhase;
			buildActionMask = 2147483647;
			files = (
				950640DE26249A1900A31D09 /* CreateProfileViewController.xib in Resources */,
				950640ED26249CA800A31D09 /* TextEntryCell.xib in Resources */,
				950640A82624924B00A31D09 /* LaunchScreen.storyboard in Resources */,
				950640EF26249CA800A31D09 /* HeaderView.xib in Resources */,
				950640F426249CD600A31D09 /* CustomButton.xib in Resources */,
				950640D12624943700A31D09 /* ConfirmProfileViewController.xib in Resources */,
				950640A52624924B00A31D09 /* Assets.xcassets in Resources */,
			);
			runOnlyForDeploymentPostprocessing = 0;
		};
/* End PBXResourcesBuildPhase section */

/* Begin PBXSourcesBuildPhase section */
		950640942624924B00A31D09 /* Sources */ = {
			isa = PBXSourcesBuildPhase;
			buildActionMask = 2147483647;
			files = (
				950640E226249BEC00A31D09 /* Error.swift in Sources */,
				950640EE26249CA800A31D09 /* TextEntryCell.swift in Sources */,
				950640BF2624935500A31D09 /* AppCoordinator.swift in Sources */,
				950640E526249C0D00A31D09 /* UIApplication+Extensions.swift in Sources */,
				950640D52624947100A31D09 /* CreateProfileViewModel.swift in Sources */,
				950640F826249CEB00A31D09 /* UIView+Extensions.swift in Sources */,
				950640D82624947900A31D09 /* ConfirmProfileViewModel.swift in Sources */,
				950640FB26249D0700A31D09 /* UITextField+Extensions.swift in Sources */,
				9506409C2624924B00A31D09 /* AppDelegate.swift in Sources */,
				950640F026249CA800A31D09 /* HeaderView.swift in Sources */,
				950640F526249CD600A31D09 /* CustomButton.swift in Sources */,
				950640C32624938600A31D09 /* User.swift in Sources */,
				950640CB262493CD00A31D09 /* ConfirmProfileViewController.swift in Sources */,
				950640DD26249A1900A31D09 /* CreateProfileViewController.swift in Sources */,
			);
			runOnlyForDeploymentPostprocessing = 0;
		};
/* End PBXSourcesBuildPhase section */

/* Begin PBXVariantGroup section */
		950640A62624924B00A31D09 /* LaunchScreen.storyboard */ = {
			isa = PBXVariantGroup;
			children = (
				950640A72624924B00A31D09 /* Base */,
			);
			name = LaunchScreen.storyboard;
			sourceTree = "<group>";
		};
/* End PBXVariantGroup section */

/* Begin XCBuildConfiguration section */
		950640AA2624924B00A31D09 /* Debug */ = {
			isa = XCBuildConfiguration;
			buildSettings = {
				ALWAYS_SEARCH_USER_PATHS = NO;
				CLANG_ANALYZER_NONNULL = YES;
				CLANG_ANALYZER_NUMBER_OBJECT_CONVERSION = YES_AGGRESSIVE;
				CLANG_CXX_LANGUAGE_STANDARD = "gnu++14";
				CLANG_CXX_LIBRARY = "libc++";
				CLANG_ENABLE_MODULES = YES;
				CLANG_ENABLE_OBJC_ARC = YES;
				CLANG_ENABLE_OBJC_WEAK = YES;
				CLANG_WARN_BLOCK_CAPTURE_AUTORELEASING = YES;
				CLANG_WARN_BOOL_CONVERSION = YES;
				CLANG_WARN_COMMA = YES;
				CLANG_WARN_CONSTANT_CONVERSION = YES;
				CLANG_WARN_DEPRECATED_OBJC_IMPLEMENTATIONS = YES;
				CLANG_WARN_DIRECT_OBJC_ISA_USAGE = YES_ERROR;
				CLANG_WARN_DOCUMENTATION_COMMENTS = YES;
				CLANG_WARN_EMPTY_BODY = YES;
				CLANG_WARN_ENUM_CONVERSION = YES;
				CLANG_WARN_INFINITE_RECURSION = YES;
				CLANG_WARN_INT_CONVERSION = YES;
				CLANG_WARN_NON_LITERAL_NULL_CONVERSION = YES;
				CLANG_WARN_OBJC_IMPLICIT_RETAIN_SELF = YES;
				CLANG_WARN_OBJC_LITERAL_CONVERSION = YES;
				CLANG_WARN_OBJC_ROOT_CLASS = YES_ERROR;
				CLANG_WARN_QUOTED_INCLUDE_IN_FRAMEWORK_HEADER = YES;
				CLANG_WARN_RANGE_LOOP_ANALYSIS = YES;
				CLANG_WARN_STRICT_PROTOTYPES = YES;
				CLANG_WARN_SUSPICIOUS_MOVE = YES;
				CLANG_WARN_UNGUARDED_AVAILABILITY = YES_AGGRESSIVE;
				CLANG_WARN_UNREACHABLE_CODE = YES;
				CLANG_WARN__DUPLICATE_METHOD_MATCH = YES;
				COPY_PHASE_STRIP = NO;
				DEBUG_INFORMATION_FORMAT = dwarf;
				ENABLE_STRICT_OBJC_MSGSEND = YES;
				ENABLE_TESTABILITY = YES;
				GCC_C_LANGUAGE_STANDARD = gnu11;
				GCC_DYNAMIC_NO_PIC = NO;
				GCC_NO_COMMON_BLOCKS = YES;
				GCC_OPTIMIZATION_LEVEL = 0;
				GCC_PREPROCESSOR_DEFINITIONS = (
					"DEBUG=1",
					"$(inherited)",
				);
				GCC_WARN_64_TO_32_BIT_CONVERSION = YES;
				GCC_WARN_ABOUT_RETURN_TYPE = YES_ERROR;
				GCC_WARN_UNDECLARED_SELECTOR = YES;
				GCC_WARN_UNINITIALIZED_AUTOS = YES_AGGRESSIVE;
				GCC_WARN_UNUSED_FUNCTION = YES;
				GCC_WARN_UNUSED_VARIABLE = YES;
				IPHONEOS_DEPLOYMENT_TARGET = 14.4;
				MTL_ENABLE_DEBUG_INFO = INCLUDE_SOURCE;
				MTL_FAST_MATH = YES;
				ONLY_ACTIVE_ARCH = YES;
				SDKROOT = iphoneos;
				SWIFT_ACTIVE_COMPILATION_CONDITIONS = DEBUG;
				SWIFT_OPTIMIZATION_LEVEL = "-Onone";
			};
			name = Debug;
		};
		950640AB2624924B00A31D09 /* Release */ = {
			isa = XCBuildConfiguration;
			buildSettings = {
				ALWAYS_SEARCH_USER_PATHS = NO;
				CLANG_ANALYZER_NONNULL = YES;
				CLANG_ANALYZER_NUMBER_OBJECT_CONVERSION = YES_AGGRESSIVE;
				CLANG_CXX_LANGUAGE_STANDARD = "gnu++14";
				CLANG_CXX_LIBRARY = "libc++";
				CLANG_ENABLE_MODULES = YES;
				CLANG_ENABLE_OBJC_ARC = YES;
				CLANG_ENABLE_OBJC_WEAK = YES;
				CLANG_WARN_BLOCK_CAPTURE_AUTORELEASING = YES;
				CLANG_WARN_BOOL_CONVERSION = YES;
				CLANG_WARN_COMMA = YES;
				CLANG_WARN_CONSTANT_CONVERSION = YES;
				CLANG_WARN_DEPRECATED_OBJC_IMPLEMENTATIONS = YES;
				CLANG_WARN_DIRECT_OBJC_ISA_USAGE = YES_ERROR;
				CLANG_WARN_DOCUMENTATION_COMMENTS = YES;
				CLANG_WARN_EMPTY_BODY = YES;
				CLANG_WARN_ENUM_CONVERSION = YES;
				CLANG_WARN_INFINITE_RECURSION = YES;
				CLANG_WARN_INT_CONVERSION = YES;
				CLANG_WARN_NON_LITERAL_NULL_CONVERSION = YES;
				CLANG_WARN_OBJC_IMPLICIT_RETAIN_SELF = YES;
				CLANG_WARN_OBJC_LITERAL_CONVERSION = YES;
				CLANG_WARN_OBJC_ROOT_CLASS = YES_ERROR;
				CLANG_WARN_QUOTED_INCLUDE_IN_FRAMEWORK_HEADER = YES;
				CLANG_WARN_RANGE_LOOP_ANALYSIS = YES;
				CLANG_WARN_STRICT_PROTOTYPES = YES;
				CLANG_WARN_SUSPICIOUS_MOVE = YES;
				CLANG_WARN_UNGUARDED_AVAILABILITY = YES_AGGRESSIVE;
				CLANG_WARN_UNREACHABLE_CODE = YES;
				CLANG_WARN__DUPLICATE_METHOD_MATCH = YES;
				COPY_PHASE_STRIP = NO;
				DEBUG_INFORMATION_FORMAT = "dwarf-with-dsym";
				ENABLE_NS_ASSERTIONS = NO;
				ENABLE_STRICT_OBJC_MSGSEND = YES;
				GCC_C_LANGUAGE_STANDARD = gnu11;
				GCC_NO_COMMON_BLOCKS = YES;
				GCC_WARN_64_TO_32_BIT_CONVERSION = YES;
				GCC_WARN_ABOUT_RETURN_TYPE = YES_ERROR;
				GCC_WARN_UNDECLARED_SELECTOR = YES;
				GCC_WARN_UNINITIALIZED_AUTOS = YES_AGGRESSIVE;
				GCC_WARN_UNUSED_FUNCTION = YES;
				GCC_WARN_UNUSED_VARIABLE = YES;
				IPHONEOS_DEPLOYMENT_TARGET = 14.4;
				MTL_ENABLE_DEBUG_INFO = NO;
				MTL_FAST_MATH = YES;
				SDKROOT = iphoneos;
				SWIFT_COMPILATION_MODE = wholemodule;
				SWIFT_OPTIMIZATION_LEVEL = "-O";
				VALIDATE_PRODUCT = YES;
			};
			name = Release;
		};
		950640AD2624924B00A31D09 /* Debug */ = {
			isa = XCBuildConfiguration;
			buildSettings = {
				ASSETCATALOG_COMPILER_APPICON_NAME = AppIcon;
				ASSETCATALOG_COMPILER_GLOBAL_ACCENT_COLOR_NAME = AccentColor;
				CODE_SIGN_STYLE = Automatic;
				DEVELOPMENT_TEAM = NG6UM76K5M;
				INFOPLIST_FILE = "SignMeUp/Resources/Supporting Files/Info.plist";
				LD_RUNPATH_SEARCH_PATHS = (
					"$(inherited)",
					"@executable_path/Frameworks",
				);
				PRODUCT_BUNDLE_IDENTIFIER = com.toracross.SignMeUp;
				PRODUCT_NAME = "$(TARGET_NAME)";
				SWIFT_VERSION = 5.0;
				TARGETED_DEVICE_FAMILY = 1;
			};
			name = Debug;
		};
		950640AE2624924B00A31D09 /* Release */ = {
			isa = XCBuildConfiguration;
			buildSettings = {
				ASSETCATALOG_COMPILER_APPICON_NAME = AppIcon;
				ASSETCATALOG_COMPILER_GLOBAL_ACCENT_COLOR_NAME = AccentColor;
				CODE_SIGN_STYLE = Automatic;
				DEVELOPMENT_TEAM = NG6UM76K5M;
				INFOPLIST_FILE = "SignMeUp/Resources/Supporting Files/Info.plist";
				LD_RUNPATH_SEARCH_PATHS = (
					"$(inherited)",
					"@executable_path/Frameworks",
				);
				PRODUCT_BUNDLE_IDENTIFIER = com.toracross.SignMeUp;
				PRODUCT_NAME = "$(TARGET_NAME)";
				SWIFT_VERSION = 5.0;
				TARGETED_DEVICE_FAMILY = 1;
			};
			name = Release;
		};
/* End XCBuildConfiguration section */

/* Begin XCConfigurationList section */
		950640932624924B00A31D09 /* Build configuration list for PBXProject "SignMeUp" */ = {
			isa = XCConfigurationList;
			buildConfigurations = (
				950640AA2624924B00A31D09 /* Debug */,
				950640AB2624924B00A31D09 /* Release */,
			);
			defaultConfigurationIsVisible = 0;
			defaultConfigurationName = Release;
		};
		950640AC2624924B00A31D09 /* Build configuration list for PBXNativeTarget "SignMeUp" */ = {
			isa = XCConfigurationList;
			buildConfigurations = (
				950640AD2624924B00A31D09 /* Debug */,
				950640AE2624924B00A31D09 /* Release */,
			);
			defaultConfigurationIsVisible = 0;
			defaultConfigurationName = Release;
		};
/* End XCConfigurationList section */
	};
	rootObject = 950640902624924B00A31D09 /* Project object */;
}
